
Microsoft Visual Studio Solution File, Format Version 11.00
# Visual Studio 2010
Project("{FAE04EC0-301F-11D3-BF4B-00C04F79EFBC}") = "Assembly-CSharp", "Assembly-CSharp.csproj", "{3bc19ae4-421a-682e-3535-dde501781d1c}"
EndProject
Project("{FAE04EC0-301F-11D3-BF4B-00C04F79EFBC}") = "Assembly-CSharp-Editor", "Assembly-CSharp-Editor.csproj", "{acaa1b79-d6e9-d15b-57d6-3cacac6fa059}"
EndProject
Global
	GlobalSection(SolutionConfigurationPlatforms) = preSolution
		Debug|Any CPU = Debug|Any CPU
	EndGlobalSection
	GlobalSection(ProjectConfigurationPlatforms) = postSolution
		{3bc19ae4-421a-682e-3535-dde501781d1c}.Debug|Any CPU.ActiveCfg = Debug|Any CPU
		{3bc19ae4-421a-682e-3535-dde501781d1c}.Debug|Any CPU.Build.0 = Debug|Any CPU
		{acaa1b79-d6e9-d15b-57d6-3cacac6fa059}.Debug|Any CPU.ActiveCfg = Debug|Any CPU
		{acaa1b79-d6e9-d15b-57d6-3cacac6fa059}.Debug|Any CPU.Build.0 = Debug|Any CPU
	EndGlobalSection
	GlobalSection(SolutionProperties) = preSolution
		HideSolutionNode = FALSE
	EndGlobalSection
EndGlobal
